{
  "name": "printing-solution",
  "version": "1.0.0",
  "lockfileVersion": 2,
  "requires": true,
  "packages": {
    "": {
      "name": "printing-solution",
      "version": "1.0.0",
      "license": "MIT",
      "devDependencies": {},
      "engines": {
        "node": ">=12.22.1"
      }
    }
  }
}
